
Microsoft Visual Studio Solution File, Format Version 12.00
# Visual Studio Version 17
VisualStudioVersion = 17.4.33110.190
MinimumVisualStudioVersion = 10.0.40219.1
Project("{FAE04EC0-301F-11D3-BF4B-00C04F79EFBC}") = "appCrudPessoas", "appCrudPessoas\appCrudPessoas.csproj", "{5CAE91B1-8066-4018-BB90-7895F27C2310}"
EndProject
Global
	GlobalSection(SolutionConfigurationPlatforms) = preSolution
		Debug|Any CPU = Debug|Any CPU
		Release|Any CPU = Release|Any CPU
	EndGlobalSection
	GlobalSection(ProjectConfigurationPlatforms) = postSolution
		{5CAE91B1-8066-4018-BB90-7895F27C2310}.Debug|Any CPU.ActiveCfg = Debug|Any CPU
		{5CAE91B1-8066-4018-BB90-7895F27C2310}.Debug|Any CPU.Build.0 = Debug|Any CPU
		{5CAE91B1-8066-4018-BB90-7895F27C2310}.Release|Any CPU.ActiveCfg = Release|Any CPU
		{5CAE91B1-8066-4018-BB90-7895F27C2310}.Release|Any CPU.Build.0 = Release|Any CPU
	EndGlobalSection
	GlobalSection(SolutionProperties) = preSolution
		HideSolutionNode = FALSE
	EndGlobalSection
	GlobalSection(ExtensibilityGlobals) = postSolution
		SolutionGuid = {7BAE5F62-9E9F-4DCA-A553-280E049D27C2}
	EndGlobalSection
EndGlobal
